
Microsoft Visual Studio Solution File, Format Version 12.00
# Visual Studio Version 17
VisualStudioVersion = 17.11.35005.142
MinimumVisualStudioVersion = 10.0.40219.1
Project("{FAE04EC0-301F-11D3-BF4B-00C04F79EFBC}") = "Module16.6.1", "Module16.6.1\Module16.6.1.csproj", "{B4953D42-2F04-452F-9DC0-7782CB998A23}"
EndProject
Project("{FAE04EC0-301F-11D3-BF4B-00C04F79EFBC}") = "Module16.6.1.Tests", "Module16.6.1.Tests\Module16.6.1.Tests.csproj", "{0C1DCA82-1E0B-4E5B-8E50-F2013EBD1CB4}"
EndProject
Global
	GlobalSection(SolutionConfigurationPlatforms) = preSolution
		Debug|Any CPU = Debug|Any CPU
		Release|Any CPU = Release|Any CPU
	EndGlobalSection
	GlobalSection(ProjectConfigurationPlatforms) = postSolution
		{B4953D42-2F04-452F-9DC0-7782CB998A23}.Debug|Any CPU.ActiveCfg = Debug|Any CPU
		{B4953D42-2F04-452F-9DC0-7782CB998A23}.Debug|Any CPU.Build.0 = Debug|Any CPU
		{B4953D42-2F04-452F-9DC0-7782CB998A23}.Release|Any CPU.ActiveCfg = Release|Any CPU
		{B4953D42-2F04-452F-9DC0-7782CB998A23}.Release|Any CPU.Build.0 = Release|Any CPU
		{0C1DCA82-1E0B-4E5B-8E50-F2013EBD1CB4}.Debug|Any CPU.ActiveCfg = Debug|Any CPU
		{0C1DCA82-1E0B-4E5B-8E50-F2013EBD1CB4}.Debug|Any CPU.Build.0 = Debug|Any CPU
		{0C1DCA82-1E0B-4E5B-8E50-F2013EBD1CB4}.Release|Any CPU.ActiveCfg = Release|Any CPU
		{0C1DCA82-1E0B-4E5B-8E50-F2013EBD1CB4}.Release|Any CPU.Build.0 = Release|Any CPU
	EndGlobalSection
	GlobalSection(SolutionProperties) = preSolution
		HideSolutionNode = FALSE
	EndGlobalSection
	GlobalSection(ExtensibilityGlobals) = postSolution
		SolutionGuid = {153FBDAE-ECCD-42D6-B680-83A493B31204}
	EndGlobalSection
EndGlobal
